
Microsoft Visual Studio Solution File, Format Version 12.00
# Visual Studio Version 16
VisualStudioVersion = 16.0.31402.337
MinimumVisualStudioVersion = 10.0.40219.1
Project("{FAE04EC0-301F-11D3-BF4B-00C04F79EFBC}") = "Segundo Parcial", "Segundo Parcial\Segundo Parcial.csproj", "{6FEF96BF-4B7C-4F4F-903E-BDED5A3E79A2}"
EndProject
Global
	GlobalSection(SolutionConfigurationPlatforms) = preSolution
		Debug|Any CPU = Debug|Any CPU
		Release|Any CPU = Release|Any CPU
	EndGlobalSection
	GlobalSection(ProjectConfigurationPlatforms) = postSolution
		{6FEF96BF-4B7C-4F4F-903E-BDED5A3E79A2}.Debug|Any CPU.ActiveCfg = Debug|Any CPU
		{6FEF96BF-4B7C-4F4F-903E-BDED5A3E79A2}.Debug|Any CPU.Build.0 = Debug|Any CPU
		{6FEF96BF-4B7C-4F4F-903E-BDED5A3E79A2}.Release|Any CPU.ActiveCfg = Release|Any CPU
		{6FEF96BF-4B7C-4F4F-903E-BDED5A3E79A2}.Release|Any CPU.Build.0 = Release|Any CPU
	EndGlobalSection
	GlobalSection(SolutionProperties) = preSolution
		HideSolutionNode = FALSE
	EndGlobalSection
	GlobalSection(ExtensibilityGlobals) = postSolution
		SolutionGuid = {36BA160C-CAC4-4012-8898-85591BEEE25C}
	EndGlobalSection
EndGlobal
